
Microsoft Visual Studio Solution File, Format Version 12.00
# Visual Studio Version 17
VisualStudioVersion = 17.7.34202.233
MinimumVisualStudioVersion = 10.0.40219.1
Project("{9A19103F-16F7-4668-BE54-9A1E7A4F7556}") = "Licenta", "Licenta\Licenta.csproj", "{C142B45B-FC17-4C97-B878-38F9023F5161}"
EndProject
Global
	GlobalSection(SolutionConfigurationPlatforms) = preSolution
		Debug|Any CPU = Debug|Any CPU
		Release|Any CPU = Release|Any CPU
	EndGlobalSection
	GlobalSection(ProjectConfigurationPlatforms) = postSolution
		{C142B45B-FC17-4C97-B878-38F9023F5161}.Debug|Any CPU.ActiveCfg = Debug|Any CPU
		{C142B45B-FC17-4C97-B878-38F9023F5161}.Debug|Any CPU.Build.0 = Debug|Any CPU
		{C142B45B-FC17-4C97-B878-38F9023F5161}.Debug|Any CPU.Deploy.0 = Debug|Any CPU
		{C142B45B-FC17-4C97-B878-38F9023F5161}.Release|Any CPU.ActiveCfg = Release|Any CPU
		{C142B45B-FC17-4C97-B878-38F9023F5161}.Release|Any CPU.Build.0 = Release|Any CPU
		{C142B45B-FC17-4C97-B878-38F9023F5161}.Release|Any CPU.Deploy.0 = Release|Any CPU
	EndGlobalSection
	GlobalSection(SolutionProperties) = preSolution
		HideSolutionNode = FALSE
	EndGlobalSection
	GlobalSection(ExtensibilityGlobals) = postSolution
		SolutionGuid = {BBFAE598-A338-4EAA-A449-8D5437F06A77}
	EndGlobalSection
EndGlobal
